
Microsoft Visual Studio Solution File, Format Version 10.00
# Visual Studio 2008
Project("{8BC9CEB8-8B4A-11D0-8D11-00A0C91BC942}") = "AiQi", "AiQi.vcproj", "{487EA7C5-CB0B-4394-9DDF-72C30E210D0D}"
EndProject
Global
	GlobalSection(SolutionConfigurationPlatforms) = preSolution
		Debug|Win32 = Debug|Win32
		Release|Win32 = Release|Win32
	EndGlobalSection
	GlobalSection(ProjectConfigurationPlatforms) = postSolution
		{487EA7C5-CB0B-4394-9DDF-72C30E210D0D}.Debug|Win32.ActiveCfg = Debug|Win32
		{487EA7C5-CB0B-4394-9DDF-72C30E210D0D}.Debug|Win32.Build.0 = Debug|Win32
		{487EA7C5-CB0B-4394-9DDF-72C30E210D0D}.Release|Win32.ActiveCfg = Release|Win32
		{487EA7C5-CB0B-4394-9DDF-72C30E210D0D}.Release|Win32.Build.0 = Release|Win32
	EndGlobalSection
	GlobalSection(SolutionProperties) = preSolution
		HideSolutionNode = FALSE
	EndGlobalSection
EndGlobal
